
Microsoft Visual Studio Solution File, Format Version 12.00
# Visual Studio 15
VisualStudioVersion = 15.0.28307.2092
MinimumVisualStudioVersion = 10.0.40219.1
Project("{FAE04EC0-301F-11D3-BF4B-00C04F79EFBC}") = "Homework6-2", "Homework6-2.csproj", "{0B895397-0AD9-4F20-9EF8-95CD7EAF8D7E}"
EndProject
Global
	GlobalSection(SolutionConfigurationPlatforms) = preSolution
		Debug|Any CPU = Debug|Any CPU
		Release|Any CPU = Release|Any CPU
	EndGlobalSection
	GlobalSection(ProjectConfigurationPlatforms) = postSolution
		{0B895397-0AD9-4F20-9EF8-95CD7EAF8D7E}.Debug|Any CPU.ActiveCfg = Debug|Any CPU
		{0B895397-0AD9-4F20-9EF8-95CD7EAF8D7E}.Debug|Any CPU.Build.0 = Debug|Any CPU
		{0B895397-0AD9-4F20-9EF8-95CD7EAF8D7E}.Release|Any CPU.ActiveCfg = Release|Any CPU
		{0B895397-0AD9-4F20-9EF8-95CD7EAF8D7E}.Release|Any CPU.Build.0 = Release|Any CPU
	EndGlobalSection
	GlobalSection(SolutionProperties) = preSolution
		HideSolutionNode = FALSE
	EndGlobalSection
	GlobalSection(ExtensibilityGlobals) = postSolution
		SolutionGuid = {1B8350DB-2EEA-4994-8A7E-95E27467B048}
	EndGlobalSection
EndGlobal
