
Microsoft Visual Studio Solution File, Format Version 12.00
# Visual Studio 15
VisualStudioVersion = 15.0.28307.2092
MinimumVisualStudioVersion = 10.0.40219.1
Project("{FAE04EC0-301F-11D3-BF4B-00C04F79EFBC}") = "Homework2-2", "Homework2-2.csproj", "{B967546B-240D-4779-B1C9-D7DA4ACA8C29}"
EndProject
Global
	GlobalSection(SolutionConfigurationPlatforms) = preSolution
		Debug|Any CPU = Debug|Any CPU
		Release|Any CPU = Release|Any CPU
	EndGlobalSection
	GlobalSection(ProjectConfigurationPlatforms) = postSolution
		{B967546B-240D-4779-B1C9-D7DA4ACA8C29}.Debug|Any CPU.ActiveCfg = Debug|Any CPU
		{B967546B-240D-4779-B1C9-D7DA4ACA8C29}.Debug|Any CPU.Build.0 = Debug|Any CPU
		{B967546B-240D-4779-B1C9-D7DA4ACA8C29}.Release|Any CPU.ActiveCfg = Release|Any CPU
		{B967546B-240D-4779-B1C9-D7DA4ACA8C29}.Release|Any CPU.Build.0 = Release|Any CPU
	EndGlobalSection
	GlobalSection(SolutionProperties) = preSolution
		HideSolutionNode = FALSE
	EndGlobalSection
	GlobalSection(ExtensibilityGlobals) = postSolution
		SolutionGuid = {B302420C-87E8-40F0-BC50-A5C0E5B20D3D}
	EndGlobalSection
EndGlobal
